<?xml version="1.0" encoding="utf-8"?>
<Project ToolsVersion="4.0" xmlns="http://schemas.microsoft.com/developer/msbuild/2003">
  <ItemGroup>
    <ClCompile Include="src\root.cpp">
      <Filter>src</Filter>
    </ClCompile>
    <ClCompile Include="src\test.cpp">
      <Filter>src</Filter>
    </ClCompile>
    <ClCompile Include="src\main.cpp">
      <Filter>src</Filter>
    </ClCompile>
    <ClCompile Include="src\movie.cpp">
      <Filter>src</Filter>
    </ClCompile>
    <ClCompile Include="src\loader.cpp">
      <Filter>src</Filter>
    </ClCompile>
    <ClCompile Include="deps\zlib\adler32.c">
      <Filter>zlib</Filter>
    </ClCompile>
    <ClCompile Include="deps\zlib\compress.c">
      <Filter>zlib</Filter>
    </ClCompile>
    <ClCompile Include="deps\zlib\crc32.c">
      <Filter>zlib</Filter>
    </ClCompile>
    <ClCompile Include="deps\zlib\deflate.c">
      <Filter>zlib</Filter>
    </ClCompile>
    <ClCompile Include="deps\zlib\gzio.c">
      <Filter>zlib</Filter>
    </ClCompile>
    <ClCompile Include="deps\zlib\infback.c">
      <Filter>zlib</Filter>
    </ClCompile>
    <ClCompile Include="deps\zlib\inffast.c">
      <Filter>zlib</Filter>
    </ClCompile>
    <ClCompile Include="deps\zlib\inflate.c">
      <Filter>zlib</Filter>
    </ClCompile>
    <ClCompile Include="deps\zlib\inftrees.c">
      <Filter>zlib</Filter>
    </ClCompile>
    <ClCompile Include="deps\zlib\trees.c">
      <Filter>zlib</Filter>
    </ClCompile>
    <ClCompile Include="deps\zlib\uncompr.c">
      <Filter>zlib</Filter>
    </ClCompile>
    <ClCompile Include="deps\zlib\zutil.c">
      <Filter>zlib</Filter>
    </ClCompile>
    <ClCompile Include="src\swftypes.cpp">
      <Filter>src</Filter>
    </ClCompile>
    <ClCompile Include="src\character.cpp">
      <Filter>src</Filter>
    </ClCompile>
    <ClCompile Include="src\tagloader.cpp">
      <Filter>src</Filter>
    </ClCompile>
    <ClCompile Include="src\controltag.cpp">
      <Filter>src</Filter>
    </ClCompile>
  </ItemGroup>
  <ItemGroup>
    <Filter Include="include">
      <UniqueIdentifier>{6a3df64f-4347-459f-af15-705f1e7e2e95}</UniqueIdentifier>
    </Filter>
    <Filter Include="src">
      <UniqueIdentifier>{7b4af24d-3dd0-4f5a-8fbc-038f10e32257}</UniqueIdentifier>
    </Filter>
    <Filter Include="zlib">
      <UniqueIdentifier>{41f0dc5d-e1ed-4157-945b-26d9861b019a}</UniqueIdentifier>
    </Filter>
  </ItemGroup>
  <ItemGroup>
    <ClInclude Include="include\root.h">
      <Filter>include</Filter>
    </ClInclude>
    <ClInclude Include="src\test.h">
      <Filter>src</Filter>
    </ClInclude>
    <ClInclude Include="include\movie.h">
      <Filter>include</Filter>
    </ClInclude>
    <ClInclude Include="include\loader.h">
      <Filter>include</Filter>
    </ClInclude>
    <ClInclude Include="include\types.h">
      <Filter>include</Filter>
    </ClInclude>
    <ClInclude Include="deps\zlib\crc32.h">
      <Filter>zlib</Filter>
    </ClInclude>
    <ClInclude Include="deps\zlib\deflate.h">
      <Filter>zlib</Filter>
    </ClInclude>
    <ClInclude Include="deps\zlib\inffast.h">
      <Filter>zlib</Filter>
    </ClInclude>
    <ClInclude Include="deps\zlib\inffixed.h">
      <Filter>zlib</Filter>
    </ClInclude>
    <ClInclude Include="deps\zlib\inflate.h">
      <Filter>zlib</Filter>
    </ClInclude>
    <ClInclude Include="deps\zlib\inftrees.h">
      <Filter>zlib</Filter>
    </ClInclude>
    <ClInclude Include="deps\zlib\mozzconf.h">
      <Filter>zlib</Filter>
    </ClInclude>
    <ClInclude Include="deps\zlib\trees.h">
      <Filter>zlib</Filter>
    </ClInclude>
    <ClInclude Include="deps\zlib\zconf.h">
      <Filter>zlib</Filter>
    </ClInclude>
    <ClInclude Include="deps\zlib\zlib.h">
      <Filter>zlib</Filter>
    </ClInclude>
    <ClInclude Include="deps\zlib\zutil.h">
      <Filter>zlib</Filter>
    </ClInclude>
    <ClInclude Include="include\swftypes.h">
      <Filter>include</Filter>
    </ClInclude>
    <ClInclude Include="include\character.h">
      <Filter>include</Filter>
    </ClInclude>
    <ClInclude Include="include\tagloader.h">
      <Filter>include</Filter>
    </ClInclude>
    <ClInclude Include="include\controltag.h">
      <Filter>include</Filter>
    </ClInclude>
  </ItemGroup>
</Project>