<?xml version="1.0" encoding="utf-8"?>
<Project ToolsVersion="4.0" xmlns="http://schemas.microsoft.com/developer/msbuild/2003">
  <ItemGroup>
    <ClCompile Include="src\main.cpp">
      <Filter>src</Filter>
    </ClCompile>
    <ClCompile Include="library\game.cpp">
      <Filter>library</Filter>
    </ClCompile>
  </ItemGroup>
  <ItemGroup>
    <Filter Include="include">
      <UniqueIdentifier>{6a3df64f-4347-459f-af15-705f1e7e2e95}</UniqueIdentifier>
    </Filter>
    <Filter Include="src">
      <UniqueIdentifier>{7b4af24d-3dd0-4f5a-8fbc-038f10e32257}</UniqueIdentifier>
    </Filter>
    <Filter Include="library">
      <UniqueIdentifier>{f0473425-8b17-4bfb-8517-07735cd9e15f}</UniqueIdentifier>
    </Filter>
  </ItemGroup>
  <ItemGroup>
    <ClInclude Include="include\root.h">
      <Filter>include</Filter>
    </ClInclude>
    <ClInclude Include="include\movie.h">
      <Filter>include</Filter>
    </ClInclude>
    <ClInclude Include="include\loader.h">
      <Filter>include</Filter>
    </ClInclude>
    <ClInclude Include="include\types.h">
      <Filter>include</Filter>
    </ClInclude>
    <ClInclude Include="include\swftypes.h">
      <Filter>include</Filter>
    </ClInclude>
    <ClInclude Include="include\character.h">
      <Filter>include</Filter>
    </ClInclude>
    <ClInclude Include="include\tagloader.h">
      <Filter>include</Filter>
    </ClInclude>
    <ClInclude Include="include\controltag.h">
      <Filter>include</Filter>
    </ClInclude>
    <ClInclude Include="include\swfdisplay.h">
      <Filter>include</Filter>
    </ClInclude>
    <ClInclude Include="library\stdafx.h">
      <Filter>library</Filter>
    </ClInclude>
    <ClInclude Include="library\game.h">
      <Filter>library</Filter>
    </ClInclude>
  </ItemGroup>
</Project>